
Microsoft Visual Studio Solution File, Format Version 12.00
# Visual Studio Version 17
VisualStudioVersion = 17.3.32929.385
MinimumVisualStudioVersion = 10.0.40219.1
Project("{2150E333-8FDC-42A3-9474-1A3956D46DE8}") = "01. Clients", "01. Clients", "{911C060A-3EA7-458F-9CC1-5AF2909719B7}"
EndProject
Project("{2150E333-8FDC-42A3-9474-1A3956D46DE8}") = "02. Api.Gateways", "02. Api.Gateways", "{378A3097-EEE4-42EE-A4CB-45DA02916B42}"
EndProject
Project("{2150E333-8FDC-42A3-9474-1A3956D46DE8}") = "03. Services", "03. Services", "{F45863B3-C4AE-45B2-9457-38311EA87EB6}"
EndProject
Project("{2150E333-8FDC-42A3-9474-1A3956D46DE8}") = "01. Identity", "01. Identity", "{0FF44AC1-29BF-4389-934A-61284F0D0444}"
EndProject
Project("{2150E333-8FDC-42A3-9474-1A3956D46DE8}") = "02. Catalog", "02. Catalog", "{096B2447-0145-46ED-9FFA-9067714A0364}"
EndProject
Project("{2150E333-8FDC-42A3-9474-1A3956D46DE8}") = "03. Customer", "03. Customer", "{6AB30070-58AB-4C1E-AFA3-C485AF462CB5}"
EndProject
Project("{2150E333-8FDC-42A3-9474-1A3956D46DE8}") = "04. Order", "04. Order", "{E2A63605-CC74-4DB8-A761-6A53EE067A81}"
EndProject
Project("{2150E333-8FDC-42A3-9474-1A3956D46DE8}") = "01. API", "01. API", "{69CAA290-6185-449E-83B3-22979B389E10}"
EndProject
Project("{2150E333-8FDC-42A3-9474-1A3956D46DE8}") = "02. Services", "02. Services", "{F9C3F4CD-B5E1-473B-B2C9-0B15B5AE4C9C}"
EndProject
Project("{2150E333-8FDC-42A3-9474-1A3956D46DE8}") = "06. Persistence", "06. Persistence", "{AF22EE22-FD29-43C9-A527-187EAFDC9810}"
EndProject
Project("{2150E333-8FDC-42A3-9474-1A3956D46DE8}") = "04. Models", "04. Models", "{FC233984-2A2B-4C6E-85CC-B436A98AF0E0}"
EndProject
Project("{9A19103F-16F7-4668-BE54-9A1E7A4F7556}") = "Catalog.Api", "src\Services\Catalog\Catalog.Api\Catalog.Api.csproj", "{8383C5AA-197E-4F12-9192-7F06F7642DC2}"
EndProject
Project("{9A19103F-16F7-4668-BE54-9A1E7A4F7556}") = "Catalog.Domain", "src\Services\Catalog\Catalog.Domain\Catalog.Domain.csproj", "{C6672873-2C19-4155-81E6-7B6B404B231B}"
EndProject
Project("{9A19103F-16F7-4668-BE54-9A1E7A4F7556}") = "Catalog.Persistence.Database", "src\Services\Catalog\Catalog.Persistence.Database\Catalog.Persistence.Database.csproj", "{6C8FC5A3-B8D2-43F0-9260-F5D2BF8200F5}"
EndProject
Project("{9A19103F-16F7-4668-BE54-9A1E7A4F7556}") = "Catalog.Service.Queries", "src\Services\Catalog\Catalog.Service.Queries\Catalog.Service.Queries.csproj", "{AF763EB7-5874-4926-BEA1-377D42132C19}"
EndProject
Project("{2150E333-8FDC-42A3-9474-1A3956D46DE8}") = "05. Common", "05. Common", "{8A75C315-C6DD-4865-8DA2-081D7018AFB1}"
EndProject
Project("{9A19103F-16F7-4668-BE54-9A1E7A4F7556}") = "Catalog.Service.EventHandlers", "src\Services\Catalog\Catalog.Service.EventHandlers\Catalog.Service.EventHandlers.csproj", "{06ADF6F2-AE70-41C5-BB0B-B14802B35599}"
EndProject
Project("{2150E333-8FDC-42A3-9474-1A3956D46DE8}") = "05. Common", "05. Common", "{DC2ED564-5AE1-4882-A789-35E2DD56F649}"
EndProject
Project("{9A19103F-16F7-4668-BE54-9A1E7A4F7556}") = "Catalog.Common", "src\Services\Catalog\Catalog.Common\Catalog.Common.csproj", "{DB3BEA80-30A1-4B64-B53F-F426D16BB280}"
EndProject
Project("{2150E333-8FDC-42A3-9474-1A3956D46DE8}") = "04. Common", "04. Common", "{C32E953E-3A84-4D62-B1B0-36E3B9092A75}"
EndProject
Project("{9A19103F-16F7-4668-BE54-9A1E7A4F7556}") = "Common.Logging", "src\Common\Common.Logging\Common.Logging.csproj", "{B4676E34-68FA-431A-82B5-778A3D629289}"
EndProject
Project("{2150E333-8FDC-42A3-9474-1A3956D46DE8}") = "07. Testing", "07. Testing", "{D09F0208-C43A-4444-8B54-7655D364F828}"
EndProject
Project("{9A19103F-16F7-4668-BE54-9A1E7A4F7556}") = "Catalog.Tests", "src\Services\Catalog\Catalog.Tests\Catalog.Tests.csproj", "{0E3D06C6-9726-4BF6-B8F2-10600EB168AD}"
EndProject
Project("{2150E333-8FDC-42A3-9474-1A3956D46DE8}") = "01. API", "01. API", "{6AAA86EC-AF93-40F2-A122-8A54A43A182A}"
EndProject
Project("{2150E333-8FDC-42A3-9474-1A3956D46DE8}") = "02. Services", "02. Services", "{ADE1B3BC-56C3-409F-A732-E76E69886DAF}"
EndProject
Project("{2150E333-8FDC-42A3-9474-1A3956D46DE8}") = "03. Persistence", "03. Persistence", "{C599EFF4-8F75-49D8-B97A-B54408BEECB2}"
EndProject
Project("{2150E333-8FDC-42A3-9474-1A3956D46DE8}") = "04. Models", "04. Models", "{E2E26631-F9FE-4153-9155-38F407DFE081}"
EndProject
Project("{9A19103F-16F7-4668-BE54-9A1E7A4F7556}") = "Customer.Api", "src\Services\Customer\Customer.Api\Customer.Api.csproj", "{06F52BBD-1698-4497-99FF-DFB4D00CC247}"
EndProject
Project("{9A19103F-16F7-4668-BE54-9A1E7A4F7556}") = "Customer.Service.EventHandlers", "src\Services\Customer\Customer.Service.EventHandlers\Customer.Service.EventHandlers.csproj", "{788EDBB0-6713-4E67-8372-02EDB88B0BCD}"
EndProject
Project("{9A19103F-16F7-4668-BE54-9A1E7A4F7556}") = "Customer.Persistence.Database", "src\Services\Customer\Customer.Persistence.Database\Customer.Persistence.Database.csproj", "{C1411232-7AD8-4381-8823-4D20400FD723}"
EndProject
Project("{9A19103F-16F7-4668-BE54-9A1E7A4F7556}") = "Customer.Domain", "src\Services\Customer\Customer.Domain\Customer.Domain.csproj", "{BE67C92F-1DF5-4A49-910D-1809C27657CF}"
EndProject
Project("{9A19103F-16F7-4668-BE54-9A1E7A4F7556}") = "Customer.Service.Queries", "src\Services\Customer\Customer.Service.Queries\Customer.Service.Queries.csproj", "{A06E3C41-CAFC-4FFA-9917-9BE6C3EA7CD7}"
EndProject
Project("{9A19103F-16F7-4668-BE54-9A1E7A4F7556}") = "Service.Common.Collection", "src\Services\Service.Common.Collection\Service.Common.Collection.csproj", "{8D1490F7-1E26-49BF-8423-EA41ADA19351}"
EndProject
Project("{9A19103F-16F7-4668-BE54-9A1E7A4F7556}") = "Service.Common.Mapping", "src\Services\Service.Common.Mapping\Service.Common.Mapping.csproj", "{E5B66AA0-EF19-4F9A-B8B7-F6C9510CD06E}"
EndProject
Project("{9A19103F-16F7-4668-BE54-9A1E7A4F7556}") = "Service.Common.Paging", "src\Services\Service.Common.Paging\Service.Common.Paging.csproj", "{F5864369-C1DB-444E-964B-734025060E6D}"
EndProject
Project("{2150E333-8FDC-42A3-9474-1A3956D46DE8}") = "01. API", "01. API", "{F30F87AF-9770-44F6-B9CF-D3A0A558DFBC}"
EndProject
Project("{2150E333-8FDC-42A3-9474-1A3956D46DE8}") = "02. Services", "02. Services", "{3DCD5C67-5716-4E84-9CDB-EB9088E28D9E}"
EndProject
Project("{2150E333-8FDC-42A3-9474-1A3956D46DE8}") = "03. Persistence", "03. Persistence", "{0ADA1BBF-D7CA-47B1-B49E-3CDF22F15E8D}"
EndProject
Project("{2150E333-8FDC-42A3-9474-1A3956D46DE8}") = "04. Models", "04. Models", "{C76E1077-06FF-4828-8DB2-C16060FB9436}"
EndProject
Project("{9A19103F-16F7-4668-BE54-9A1E7A4F7556}") = "Order.Api", "src\Services\Order\Order.Api\Order.Api.csproj", "{00D07A90-ED09-4005-9B1B-89065DDF4C0F}"
EndProject
Project("{9A19103F-16F7-4668-BE54-9A1E7A4F7556}") = "Order.Persistence.Database", "src\Services\Order\Order.Persistence.Database\Order.Persistence.Database.csproj", "{FC67BE34-3E60-4E75-A47B-DDCAFA9B7250}"
EndProject
Project("{9A19103F-16F7-4668-BE54-9A1E7A4F7556}") = "Order.Domain", "src\Services\Order\Order.Domain\Order.Domain.csproj", "{A21F8BBC-AA47-44AF-9190-80BA41610D8F}"
EndProject
Project("{2150E333-8FDC-42A3-9474-1A3956D46DE8}") = "05. Common", "05. Common", "{6AB90280-4422-48EE-A02A-1A4966D9D764}"
EndProject
Project("{2150E333-8FDC-42A3-9474-1A3956D46DE8}") = "06. Testing", "06. Testing", "{15A7D0B6-32B8-49B3-93EB-DB4115DA8574}"
EndProject
Project("{9A19103F-16F7-4668-BE54-9A1E7A4F7556}") = "Order.Service.Queries", "src\Services\Order\Order.Service.Queries\Order.Service.Queries.csproj", "{07FDC7E7-D802-4A0E-9B46-5A1737B0482E}"
EndProject
Project("{9A19103F-16F7-4668-BE54-9A1E7A4F7556}") = "Order.Service.Proxies", "src\Services\Order\Order.Service.Proxies\Order.Service.Proxies.csproj", "{8775460C-CF09-4FF0-850B-47F466691C7D}"
EndProject
Project("{9A19103F-16F7-4668-BE54-9A1E7A4F7556}") = "Order.Service.EventHandlers", "src\Services\Order\Order.Service.EventHandlers\Order.Service.EventHandlers.csproj", "{02090BE9-A185-44EF-B9FE-22519C643EFE}"
EndProject
Project("{2150E333-8FDC-42A3-9474-1A3956D46DE8}") = "03. Listeners", "03. Listeners", "{02C794F9-0CAE-44B9-86E7-FD1EB0EE3F6A}"
EndProject
Project("{9A19103F-16F7-4668-BE54-9A1E7A4F7556}") = "Order.Common", "src\Services\Order\Order.Common\Order.Common.csproj", "{9139AD8B-D927-429F-93DD-09441BEBB632}"
EndProject
Project("{9A19103F-16F7-4668-BE54-9A1E7A4F7556}") = "Catalog.Listener", "src\Services\Catalog\Catalog.Listener\Catalog.Listener.csproj", "{FBAFC6D6-F209-46EE-B583-DD67B45B7F98}"
EndProject
Project("{2150E333-8FDC-42A3-9474-1A3956D46DE8}") = "01. API", "01. API", "{DD4D2349-541A-4866-B9C6-A706621416BA}"
EndProject
Project("{2150E333-8FDC-42A3-9474-1A3956D46DE8}") = "02. Services", "02. Services", "{1E0733CB-05FF-4842-866B-25BB3C887B71}"
EndProject
Project("{2150E333-8FDC-42A3-9474-1A3956D46DE8}") = "03. Persistence", "03. Persistence", "{57E06B5E-E559-4772-9716-A7E9BA053735}"
EndProject
Project("{2150E333-8FDC-42A3-9474-1A3956D46DE8}") = "04. Models", "04. Models", "{25BF9915-4A06-4B9F-ADA4-43A6BD228F6A}"
EndProject
Global
	GlobalSection(SolutionConfigurationPlatforms) = preSolution
		Debug|Any CPU = Debug|Any CPU
		Release|Any CPU = Release|Any CPU
	EndGlobalSection
	GlobalSection(ProjectConfigurationPlatforms) = postSolution
		{8383C5AA-197E-4F12-9192-7F06F7642DC2}.Debug|Any CPU.ActiveCfg = Debug|Any CPU
		{8383C5AA-197E-4F12-9192-7F06F7642DC2}.Debug|Any CPU.Build.0 = Debug|Any CPU
		{8383C5AA-197E-4F12-9192-7F06F7642DC2}.Release|Any CPU.ActiveCfg = Release|Any CPU
		{8383C5AA-197E-4F12-9192-7F06F7642DC2}.Release|Any CPU.Build.0 = Release|Any CPU
		{C6672873-2C19-4155-81E6-7B6B404B231B}.Debug|Any CPU.ActiveCfg = Debug|Any CPU
		{C6672873-2C19-4155-81E6-7B6B404B231B}.Debug|Any CPU.Build.0 = Debug|Any CPU
		{C6672873-2C19-4155-81E6-7B6B404B231B}.Release|Any CPU.ActiveCfg = Release|Any CPU
		{C6672873-2C19-4155-81E6-7B6B404B231B}.Release|Any CPU.Build.0 = Release|Any CPU
		{6C8FC5A3-B8D2-43F0-9260-F5D2BF8200F5}.Debug|Any CPU.ActiveCfg = Debug|Any CPU
		{6C8FC5A3-B8D2-43F0-9260-F5D2BF8200F5}.Debug|Any CPU.Build.0 = Debug|Any CPU
		{6C8FC5A3-B8D2-43F0-9260-F5D2BF8200F5}.Release|Any CPU.ActiveCfg = Release|Any CPU
		{6C8FC5A3-B8D2-43F0-9260-F5D2BF8200F5}.Release|Any CPU.Build.0 = Release|Any CPU
		{AF763EB7-5874-4926-BEA1-377D42132C19}.Debug|Any CPU.ActiveCfg = Debug|Any CPU
		{AF763EB7-5874-4926-BEA1-377D42132C19}.Debug|Any CPU.Build.0 = Debug|Any CPU
		{AF763EB7-5874-4926-BEA1-377D42132C19}.Release|Any CPU.ActiveCfg = Release|Any CPU
		{AF763EB7-5874-4926-BEA1-377D42132C19}.Release|Any CPU.Build.0 = Release|Any CPU
		{06ADF6F2-AE70-41C5-BB0B-B14802B35599}.Debug|Any CPU.ActiveCfg = Debug|Any CPU
		{06ADF6F2-AE70-41C5-BB0B-B14802B35599}.Debug|Any CPU.Build.0 = Debug|Any CPU
		{06ADF6F2-AE70-41C5-BB0B-B14802B35599}.Release|Any CPU.ActiveCfg = Release|Any CPU
		{06ADF6F2-AE70-41C5-BB0B-B14802B35599}.Release|Any CPU.Build.0 = Release|Any CPU
		{DB3BEA80-30A1-4B64-B53F-F426D16BB280}.Debug|Any CPU.ActiveCfg = Debug|Any CPU
		{DB3BEA80-30A1-4B64-B53F-F426D16BB280}.Debug|Any CPU.Build.0 = Debug|Any CPU
		{DB3BEA80-30A1-4B64-B53F-F426D16BB280}.Release|Any CPU.ActiveCfg = Release|Any CPU
		{DB3BEA80-30A1-4B64-B53F-F426D16BB280}.Release|Any CPU.Build.0 = Release|Any CPU
		{B4676E34-68FA-431A-82B5-778A3D629289}.Debug|Any CPU.ActiveCfg = Debug|Any CPU
		{B4676E34-68FA-431A-82B5-778A3D629289}.Debug|Any CPU.Build.0 = Debug|Any CPU
		{B4676E34-68FA-431A-82B5-778A3D629289}.Release|Any CPU.ActiveCfg = Release|Any CPU
		{B4676E34-68FA-431A-82B5-778A3D629289}.Release|Any CPU.Build.0 = Release|Any CPU
		{0E3D06C6-9726-4BF6-B8F2-10600EB168AD}.Debug|Any CPU.ActiveCfg = Debug|Any CPU
		{0E3D06C6-9726-4BF6-B8F2-10600EB168AD}.Debug|Any CPU.Build.0 = Debug|Any CPU
		{0E3D06C6-9726-4BF6-B8F2-10600EB168AD}.Release|Any CPU.ActiveCfg = Release|Any CPU
		{0E3D06C6-9726-4BF6-B8F2-10600EB168AD}.Release|Any CPU.Build.0 = Release|Any CPU
		{06F52BBD-1698-4497-99FF-DFB4D00CC247}.Debug|Any CPU.ActiveCfg = Debug|Any CPU
		{06F52BBD-1698-4497-99FF-DFB4D00CC247}.Debug|Any CPU.Build.0 = Debug|Any CPU
		{06F52BBD-1698-4497-99FF-DFB4D00CC247}.Release|Any CPU.ActiveCfg = Release|Any CPU
		{06F52BBD-1698-4497-99FF-DFB4D00CC247}.Release|Any CPU.Build.0 = Release|Any CPU
		{788EDBB0-6713-4E67-8372-02EDB88B0BCD}.Debug|Any CPU.ActiveCfg = Debug|Any CPU
		{788EDBB0-6713-4E67-8372-02EDB88B0BCD}.Debug|Any CPU.Build.0 = Debug|Any CPU
		{788EDBB0-6713-4E67-8372-02EDB88B0BCD}.Release|Any CPU.ActiveCfg = Release|Any CPU
		{788EDBB0-6713-4E67-8372-02EDB88B0BCD}.Release|Any CPU.Build.0 = Release|Any CPU
		{C1411232-7AD8-4381-8823-4D20400FD723}.Debug|Any CPU.ActiveCfg = Debug|Any CPU
		{C1411232-7AD8-4381-8823-4D20400FD723}.Debug|Any CPU.Build.0 = Debug|Any CPU
		{C1411232-7AD8-4381-8823-4D20400FD723}.Release|Any CPU.ActiveCfg = Release|Any CPU
		{C1411232-7AD8-4381-8823-4D20400FD723}.Release|Any CPU.Build.0 = Release|Any CPU
		{BE67C92F-1DF5-4A49-910D-1809C27657CF}.Debug|Any CPU.ActiveCfg = Debug|Any CPU
		{BE67C92F-1DF5-4A49-910D-1809C27657CF}.Debug|Any CPU.Build.0 = Debug|Any CPU
		{BE67C92F-1DF5-4A49-910D-1809C27657CF}.Release|Any CPU.ActiveCfg = Release|Any CPU
		{BE67C92F-1DF5-4A49-910D-1809C27657CF}.Release|Any CPU.Build.0 = Release|Any CPU
		{A06E3C41-CAFC-4FFA-9917-9BE6C3EA7CD7}.Debug|Any CPU.ActiveCfg = Debug|Any CPU
		{A06E3C41-CAFC-4FFA-9917-9BE6C3EA7CD7}.Debug|Any CPU.Build.0 = Debug|Any CPU
		{A06E3C41-CAFC-4FFA-9917-9BE6C3EA7CD7}.Release|Any CPU.ActiveCfg = Release|Any CPU
		{A06E3C41-CAFC-4FFA-9917-9BE6C3EA7CD7}.Release|Any CPU.Build.0 = Release|Any CPU
		{8D1490F7-1E26-49BF-8423-EA41ADA19351}.Debug|Any CPU.ActiveCfg = Debug|Any CPU
		{8D1490F7-1E26-49BF-8423-EA41ADA19351}.Debug|Any CPU.Build.0 = Debug|Any CPU
		{8D1490F7-1E26-49BF-8423-EA41ADA19351}.Release|Any CPU.ActiveCfg = Release|Any CPU
		{8D1490F7-1E26-49BF-8423-EA41ADA19351}.Release|Any CPU.Build.0 = Release|Any CPU
		{E5B66AA0-EF19-4F9A-B8B7-F6C9510CD06E}.Debug|Any CPU.ActiveCfg = Debug|Any CPU
		{E5B66AA0-EF19-4F9A-B8B7-F6C9510CD06E}.Debug|Any CPU.Build.0 = Debug|Any CPU
		{E5B66AA0-EF19-4F9A-B8B7-F6C9510CD06E}.Release|Any CPU.ActiveCfg = Release|Any CPU
		{E5B66AA0-EF19-4F9A-B8B7-F6C9510CD06E}.Release|Any CPU.Build.0 = Release|Any CPU
		{F5864369-C1DB-444E-964B-734025060E6D}.Debug|Any CPU.ActiveCfg = Debug|Any CPU
		{F5864369-C1DB-444E-964B-734025060E6D}.Debug|Any CPU.Build.0 = Debug|Any CPU
		{F5864369-C1DB-444E-964B-734025060E6D}.Release|Any CPU.ActiveCfg = Release|Any CPU
		{F5864369-C1DB-444E-964B-734025060E6D}.Release|Any CPU.Build.0 = Release|Any CPU
		{00D07A90-ED09-4005-9B1B-89065DDF4C0F}.Debug|Any CPU.ActiveCfg = Debug|Any CPU
		{00D07A90-ED09-4005-9B1B-89065DDF4C0F}.Debug|Any CPU.Build.0 = Debug|Any CPU
		{00D07A90-ED09-4005-9B1B-89065DDF4C0F}.Release|Any CPU.ActiveCfg = Release|Any CPU
		{00D07A90-ED09-4005-9B1B-89065DDF4C0F}.Release|Any CPU.Build.0 = Release|Any CPU
		{FC67BE34-3E60-4E75-A47B-DDCAFA9B7250}.Debug|Any CPU.ActiveCfg = Debug|Any CPU
		{FC67BE34-3E60-4E75-A47B-DDCAFA9B7250}.Debug|Any CPU.Build.0 = Debug|Any CPU
		{FC67BE34-3E60-4E75-A47B-DDCAFA9B7250}.Release|Any CPU.ActiveCfg = Release|Any CPU
		{FC67BE34-3E60-4E75-A47B-DDCAFA9B7250}.Release|Any CPU.Build.0 = Release|Any CPU
		{A21F8BBC-AA47-44AF-9190-80BA41610D8F}.Debug|Any CPU.ActiveCfg = Debug|Any CPU
		{A21F8BBC-AA47-44AF-9190-80BA41610D8F}.Debug|Any CPU.Build.0 = Debug|Any CPU
		{A21F8BBC-AA47-44AF-9190-80BA41610D8F}.Release|Any CPU.ActiveCfg = Release|Any CPU
		{A21F8BBC-AA47-44AF-9190-80BA41610D8F}.Release|Any CPU.Build.0 = Release|Any CPU
		{07FDC7E7-D802-4A0E-9B46-5A1737B0482E}.Debug|Any CPU.ActiveCfg = Debug|Any CPU
		{07FDC7E7-D802-4A0E-9B46-5A1737B0482E}.Debug|Any CPU.Build.0 = Debug|Any CPU
		{07FDC7E7-D802-4A0E-9B46-5A1737B0482E}.Release|Any CPU.ActiveCfg = Release|Any CPU
		{07FDC7E7-D802-4A0E-9B46-5A1737B0482E}.Release|Any CPU.Build.0 = Release|Any CPU
		{8775460C-CF09-4FF0-850B-47F466691C7D}.Debug|Any CPU.ActiveCfg = Debug|Any CPU
		{8775460C-CF09-4FF0-850B-47F466691C7D}.Debug|Any CPU.Build.0 = Debug|Any CPU
		{8775460C-CF09-4FF0-850B-47F466691C7D}.Release|Any CPU.ActiveCfg = Release|Any CPU
		{8775460C-CF09-4FF0-850B-47F466691C7D}.Release|Any CPU.Build.0 = Release|Any CPU
		{02090BE9-A185-44EF-B9FE-22519C643EFE}.Debug|Any CPU.ActiveCfg = Debug|Any CPU
		{02090BE9-A185-44EF-B9FE-22519C643EFE}.Debug|Any CPU.Build.0 = Debug|Any CPU
		{02090BE9-A185-44EF-B9FE-22519C643EFE}.Release|Any CPU.ActiveCfg = Release|Any CPU
		{02090BE9-A185-44EF-B9FE-22519C643EFE}.Release|Any CPU.Build.0 = Release|Any CPU
		{9139AD8B-D927-429F-93DD-09441BEBB632}.Debug|Any CPU.ActiveCfg = Debug|Any CPU
		{9139AD8B-D927-429F-93DD-09441BEBB632}.Debug|Any CPU.Build.0 = Debug|Any CPU
		{9139AD8B-D927-429F-93DD-09441BEBB632}.Release|Any CPU.ActiveCfg = Release|Any CPU
		{9139AD8B-D927-429F-93DD-09441BEBB632}.Release|Any CPU.Build.0 = Release|Any CPU
		{FBAFC6D6-F209-46EE-B583-DD67B45B7F98}.Debug|Any CPU.ActiveCfg = Debug|Any CPU
		{FBAFC6D6-F209-46EE-B583-DD67B45B7F98}.Debug|Any CPU.Build.0 = Debug|Any CPU
		{FBAFC6D6-F209-46EE-B583-DD67B45B7F98}.Release|Any CPU.ActiveCfg = Release|Any CPU
		{FBAFC6D6-F209-46EE-B583-DD67B45B7F98}.Release|Any CPU.Build.0 = Release|Any CPU
	EndGlobalSection
	GlobalSection(SolutionProperties) = preSolution
		HideSolutionNode = FALSE
	EndGlobalSection
	GlobalSection(NestedProjects) = preSolution
		{0FF44AC1-29BF-4389-934A-61284F0D0444} = {F45863B3-C4AE-45B2-9457-38311EA87EB6}
		{096B2447-0145-46ED-9FFA-9067714A0364} = {F45863B3-C4AE-45B2-9457-38311EA87EB6}
		{6AB30070-58AB-4C1E-AFA3-C485AF462CB5} = {F45863B3-C4AE-45B2-9457-38311EA87EB6}
		{E2A63605-CC74-4DB8-A761-6A53EE067A81} = {F45863B3-C4AE-45B2-9457-38311EA87EB6}
		{69CAA290-6185-449E-83B3-22979B389E10} = {096B2447-0145-46ED-9FFA-9067714A0364}
		{F9C3F4CD-B5E1-473B-B2C9-0B15B5AE4C9C} = {096B2447-0145-46ED-9FFA-9067714A0364}
		{AF22EE22-FD29-43C9-A527-187EAFDC9810} = {096B2447-0145-46ED-9FFA-9067714A0364}
		{FC233984-2A2B-4C6E-85CC-B436A98AF0E0} = {096B2447-0145-46ED-9FFA-9067714A0364}
		{8383C5AA-197E-4F12-9192-7F06F7642DC2} = {69CAA290-6185-449E-83B3-22979B389E10}
		{C6672873-2C19-4155-81E6-7B6B404B231B} = {FC233984-2A2B-4C6E-85CC-B436A98AF0E0}
		{6C8FC5A3-B8D2-43F0-9260-F5D2BF8200F5} = {AF22EE22-FD29-43C9-A527-187EAFDC9810}
		{AF763EB7-5874-4926-BEA1-377D42132C19} = {F9C3F4CD-B5E1-473B-B2C9-0B15B5AE4C9C}
		{8A75C315-C6DD-4865-8DA2-081D7018AFB1} = {F45863B3-C4AE-45B2-9457-38311EA87EB6}
		{06ADF6F2-AE70-41C5-BB0B-B14802B35599} = {F9C3F4CD-B5E1-473B-B2C9-0B15B5AE4C9C}
		{DC2ED564-5AE1-4882-A789-35E2DD56F649} = {096B2447-0145-46ED-9FFA-9067714A0364}
		{DB3BEA80-30A1-4B64-B53F-F426D16BB280} = {DC2ED564-5AE1-4882-A789-35E2DD56F649}
		{B4676E34-68FA-431A-82B5-778A3D629289} = {C32E953E-3A84-4D62-B1B0-36E3B9092A75}
		{D09F0208-C43A-4444-8B54-7655D364F828} = {096B2447-0145-46ED-9FFA-9067714A0364}
		{0E3D06C6-9726-4BF6-B8F2-10600EB168AD} = {D09F0208-C43A-4444-8B54-7655D364F828}
		{6AAA86EC-AF93-40F2-A122-8A54A43A182A} = {6AB30070-58AB-4C1E-AFA3-C485AF462CB5}
		{ADE1B3BC-56C3-409F-A732-E76E69886DAF} = {6AB30070-58AB-4C1E-AFA3-C485AF462CB5}
		{C599EFF4-8F75-49D8-B97A-B54408BEECB2} = {6AB30070-58AB-4C1E-AFA3-C485AF462CB5}
		{E2E26631-F9FE-4153-9155-38F407DFE081} = {6AB30070-58AB-4C1E-AFA3-C485AF462CB5}
		{06F52BBD-1698-4497-99FF-DFB4D00CC247} = {6AAA86EC-AF93-40F2-A122-8A54A43A182A}
		{788EDBB0-6713-4E67-8372-02EDB88B0BCD} = {ADE1B3BC-56C3-409F-A732-E76E69886DAF}
		{C1411232-7AD8-4381-8823-4D20400FD723} = {C599EFF4-8F75-49D8-B97A-B54408BEECB2}
		{BE67C92F-1DF5-4A49-910D-1809C27657CF} = {E2E26631-F9FE-4153-9155-38F407DFE081}
		{A06E3C41-CAFC-4FFA-9917-9BE6C3EA7CD7} = {ADE1B3BC-56C3-409F-A732-E76E69886DAF}
		{8D1490F7-1E26-49BF-8423-EA41ADA19351} = {8A75C315-C6DD-4865-8DA2-081D7018AFB1}
		{E5B66AA0-EF19-4F9A-B8B7-F6C9510CD06E} = {8A75C315-C6DD-4865-8DA2-081D7018AFB1}
		{F5864369-C1DB-444E-964B-734025060E6D} = {8A75C315-C6DD-4865-8DA2-081D7018AFB1}
		{F30F87AF-9770-44F6-B9CF-D3A0A558DFBC} = {E2A63605-CC74-4DB8-A761-6A53EE067A81}
		{3DCD5C67-5716-4E84-9CDB-EB9088E28D9E} = {E2A63605-CC74-4DB8-A761-6A53EE067A81}
		{0ADA1BBF-D7CA-47B1-B49E-3CDF22F15E8D} = {E2A63605-CC74-4DB8-A761-6A53EE067A81}
		{C76E1077-06FF-4828-8DB2-C16060FB9436} = {E2A63605-CC74-4DB8-A761-6A53EE067A81}
		{00D07A90-ED09-4005-9B1B-89065DDF4C0F} = {F30F87AF-9770-44F6-B9CF-D3A0A558DFBC}
		{FC67BE34-3E60-4E75-A47B-DDCAFA9B7250} = {0ADA1BBF-D7CA-47B1-B49E-3CDF22F15E8D}
		{A21F8BBC-AA47-44AF-9190-80BA41610D8F} = {C76E1077-06FF-4828-8DB2-C16060FB9436}
		{6AB90280-4422-48EE-A02A-1A4966D9D764} = {E2A63605-CC74-4DB8-A761-6A53EE067A81}
		{15A7D0B6-32B8-49B3-93EB-DB4115DA8574} = {E2A63605-CC74-4DB8-A761-6A53EE067A81}
		{07FDC7E7-D802-4A0E-9B46-5A1737B0482E} = {3DCD5C67-5716-4E84-9CDB-EB9088E28D9E}
		{8775460C-CF09-4FF0-850B-47F466691C7D} = {3DCD5C67-5716-4E84-9CDB-EB9088E28D9E}
		{02090BE9-A185-44EF-B9FE-22519C643EFE} = {3DCD5C67-5716-4E84-9CDB-EB9088E28D9E}
		{02C794F9-0CAE-44B9-86E7-FD1EB0EE3F6A} = {096B2447-0145-46ED-9FFA-9067714A0364}
		{9139AD8B-D927-429F-93DD-09441BEBB632} = {6AB90280-4422-48EE-A02A-1A4966D9D764}
		{FBAFC6D6-F209-46EE-B583-DD67B45B7F98} = {02C794F9-0CAE-44B9-86E7-FD1EB0EE3F6A}
		{DD4D2349-541A-4866-B9C6-A706621416BA} = {0FF44AC1-29BF-4389-934A-61284F0D0444}
		{1E0733CB-05FF-4842-866B-25BB3C887B71} = {0FF44AC1-29BF-4389-934A-61284F0D0444}
		{57E06B5E-E559-4772-9716-A7E9BA053735} = {0FF44AC1-29BF-4389-934A-61284F0D0444}
		{25BF9915-4A06-4B9F-ADA4-43A6BD228F6A} = {0FF44AC1-29BF-4389-934A-61284F0D0444}
	EndGlobalSection
	GlobalSection(ExtensibilityGlobals) = postSolution
		SolutionGuid = {997CD6A9-42F0-4A16-8502-94D55F38ACAB}
	EndGlobalSection
EndGlobal
